// !$*UTF8*$!
{
	archiveVersion = 1;
	classes = {
	};
	objectVersion = 52;
	objects = {

/* Begin PBXBuildFile section */
		3B3A2EC625A6B261006EC875 /* FeedViewControllerTests+Localization.swift in Sources */ = {isa = PBXBuildFile; fileRef = 3B3A2EC525A6B261006EC875 /* FeedViewControllerTests+Localization.swift */; };
		3B3A2EC725A6B3D0006EC875 /* Feed.strings in Resources */ = {isa = PBXBuildFile; fileRef = 3B3A2EC925A6B3D0006EC875 /* Feed.strings */; };
		3B3A2ECE25A6B565006EC875 /* FeedLocalizationTests.swift in Sources */ = {isa = PBXBuildFile; fileRef = 3B3A2ECD25A6B565006EC875 /* FeedLocalizationTests.swift */; };
		3B43D07D251855BE006FB77C /* HTTPClient.swift in Sources */ = {isa = PBXBuildFile; fileRef = 3B43D07C251855BE006FB77C /* HTTPClient.swift */; };
		3B43D07F25185617006FB77C /* FeedItemsMapper.swift in Sources */ = {isa = PBXBuildFile; fileRef = 3B43D07E25185617006FB77C /* FeedItemsMapper.swift */; };
		3B43D084251D926F006FB77C /* URLSessionHTTPClientTests.swift in Sources */ = {isa = PBXBuildFile; fileRef = 3B43D083251D926F006FB77C /* URLSessionHTTPClientTests.swift */; };
		3B43D087252353A4006FB77C /* XCTestCase+MemoryLeakTrackingHelper.swift in Sources */ = {isa = PBXBuildFile; fileRef = 3B43D086252353A4006FB77C /* XCTestCase+MemoryLeakTrackingHelper.swift */; };
		3B43D089252426B3006FB77C /* URLSessionHTTPClient.swift in Sources */ = {isa = PBXBuildFile; fileRef = 3B43D088252426B3006FB77C /* URLSessionHTTPClient.swift */; };
		3B43D09125257D67006FB77C /* EssentialFeedAPIEndToEndTests.swift in Sources */ = {isa = PBXBuildFile; fileRef = 3B43D09025257D67006FB77C /* EssentialFeedAPIEndToEndTests.swift */; };
		3B43D09325257D67006FB77C /* EssentialFeed.framework in Frameworks */ = {isa = PBXBuildFile; fileRef = 3BE0F26124F8ACF20083D866 /* EssentialFeed.framework */; };
		3B43D0992526CCE1006FB77C /* XCTestCase+MemoryLeakTrackingHelper.swift in Sources */ = {isa = PBXBuildFile; fileRef = 3B43D086252353A4006FB77C /* XCTestCase+MemoryLeakTrackingHelper.swift */; };
		3B448AF32546E2A60024DA93 /* README.md in Resources */ = {isa = PBXBuildFile; fileRef = 3B448AF22546E2A60024DA93 /* README.md */; };
		3B448AF82546EFDF0024DA93 /* CacheFeedUseCaseTests.swift in Sources */ = {isa = PBXBuildFile; fileRef = 3B448AF72546EFDF0024DA93 /* CacheFeedUseCaseTests.swift */; };
		3B448AFB254846810024DA93 /* LocalFeedLoader.swift in Sources */ = {isa = PBXBuildFile; fileRef = 3B448AFA254846810024DA93 /* LocalFeedLoader.swift */; };
		3B448AFD254847380024DA93 /* FeedStore.swift in Sources */ = {isa = PBXBuildFile; fileRef = 3B448AFC254847380024DA93 /* FeedStore.swift */; };
		3B448AFF2549961A0024DA93 /* RemoteFeedItem.swift in Sources */ = {isa = PBXBuildFile; fileRef = 3B448AFE2549961A0024DA93 /* RemoteFeedItem.swift */; };
		3B448B012549965A0024DA93 /* LocalFeedImage.swift in Sources */ = {isa = PBXBuildFile; fileRef = 3B448B002549965A0024DA93 /* LocalFeedImage.swift */; };
		3B448B05254A64EE0024DA93 /* LoadFeedFromCacheUseCaseTests.swift in Sources */ = {isa = PBXBuildFile; fileRef = 3B448B04254A64EE0024DA93 /* LoadFeedFromCacheUseCaseTests.swift */; };
		3B448B08254A66F70024DA93 /* FeedStoreSpy.swift in Sources */ = {isa = PBXBuildFile; fileRef = 3B448B07254A66F70024DA93 /* FeedStoreSpy.swift */; };
		3B5B48EB25A5CEA700611F05 /* UITableView+Dequeueing.swift in Sources */ = {isa = PBXBuildFile; fileRef = 3B5B48EA25A5CEA700611F05 /* UITableView+Dequeueing.swift */; };
		3B5B48ED25A5CF5900611F05 /* UIImageView+Animations.swift in Sources */ = {isa = PBXBuildFile; fileRef = 3B5B48EC25A5CF5900611F05 /* UIImageView+Animations.swift */; };
		3B644B8E254BF03500237DC2 /* ValidateFeedCacheUseCaseTests.swift in Sources */ = {isa = PBXBuildFile; fileRef = 3B644B8D254BF03500237DC2 /* ValidateFeedCacheUseCaseTests.swift */; };
		3B644B90254BF5BC00237DC2 /* FeedCacheTestHelpers.swift in Sources */ = {isa = PBXBuildFile; fileRef = 3B644B8F254BF5BC00237DC2 /* FeedCacheTestHelpers.swift */; };
		3B644B92254BF68800237DC2 /* SharedTestHelpers.swift in Sources */ = {isa = PBXBuildFile; fileRef = 3B644B91254BF68800237DC2 /* SharedTestHelpers.swift */; };
		3B644B942550F61700237DC2 /* FeedCachePolicy.swift in Sources */ = {isa = PBXBuildFile; fileRef = 3B644B932550F61700237DC2 /* FeedCachePolicy.swift */; };
		3B644B962551014D00237DC2 /* FeedStoreImplementation.rtf in Resources */ = {isa = PBXBuildFile; fileRef = 3B644B952551014D00237DC2 /* FeedStoreImplementation.rtf */; };
		3B644B9825513D7900237DC2 /* CodableFeedStoreTests.swift in Sources */ = {isa = PBXBuildFile; fileRef = 3B644B9725513D7900237DC2 /* CodableFeedStoreTests.swift */; };
		3B644B9A2554E51F00237DC2 /* CodableFeedStore.swift in Sources */ = {isa = PBXBuildFile; fileRef = 3B644B992554E51F00237DC2 /* CodableFeedStore.swift */; };
		3B644B9C2555353F00237DC2 /* FeedStoreSpecs.swift in Sources */ = {isa = PBXBuildFile; fileRef = 3B644B9B2555353F00237DC2 /* FeedStoreSpecs.swift */; };
		3B644B9E2555361700237DC2 /* XCTestCase+FeedStoreSpecs.swift in Sources */ = {isa = PBXBuildFile; fileRef = 3B644B9D2555361700237DC2 /* XCTestCase+FeedStoreSpecs.swift */; };
		3B644BA0255A389900237DC2 /* XCTestCase+FailableRetrieveFeedStoreSpecs.swift in Sources */ = {isa = PBXBuildFile; fileRef = 3B644B9F255A389900237DC2 /* XCTestCase+FailableRetrieveFeedStoreSpecs.swift */; };
		3B644BA2255A392000237DC2 /* XCTestCase+FailableInsertFeedStoreSpecs.swift in Sources */ = {isa = PBXBuildFile; fileRef = 3B644BA1255A392000237DC2 /* XCTestCase+FailableInsertFeedStoreSpecs.swift */; };
		3B644BA4255A398E00237DC2 /* XCTestCase+FailableDeleteFeedStoreSpecs.swift in Sources */ = {isa = PBXBuildFile; fileRef = 3B644BA3255A398E00237DC2 /* XCTestCase+FailableDeleteFeedStoreSpecs.swift */; };
		3B9521CC258DA59500F8D308 /* EssentialFeed.framework in Frameworks */ = {isa = PBXBuildFile; fileRef = 3BE0F26124F8ACF20083D866 /* EssentialFeed.framework */; platformFilter = ios; };
		3B9521CD258DA59500F8D308 /* EssentialFeed.framework in Embed Frameworks */ = {isa = PBXBuildFile; fileRef = 3BE0F26124F8ACF20083D866 /* EssentialFeed.framework */; platformFilter = ios; settings = {ATTRIBUTES = (CodeSignOnCopy, RemoveHeadersOnCopy, ); }; };
		3B9521D12590478600F8D308 /* XCTestCase+MemoryLeakTrackingHelper.swift in Sources */ = {isa = PBXBuildFile; fileRef = 3B43D086252353A4006FB77C /* XCTestCase+MemoryLeakTrackingHelper.swift */; };
		3B9521D32590BDA600F8D308 /* FeedViewController.swift in Sources */ = {isa = PBXBuildFile; fileRef = 3B9521D22590BDA600F8D308 /* FeedViewController.swift */; };
		3BA387622592DBEC00A54C34 /* FeedImageCell.swift in Sources */ = {isa = PBXBuildFile; fileRef = 3BA387612592DBEC00A54C34 /* FeedImageCell.swift */; };
		3BA387642594317900A54C34 /* UIView+Shimmering.swift in Sources */ = {isa = PBXBuildFile; fileRef = 3BA387632594317900A54C34 /* UIView+Shimmering.swift */; };
		3BA3876A259583A100A54C34 /* FeedImageDataLoader.swift in Sources */ = {isa = PBXBuildFile; fileRef = 3BA38769259583A100A54C34 /* FeedImageDataLoader.swift */; };
		3BA3877125960CD400A54C34 /* FeedImageCellController.swift in Sources */ = {isa = PBXBuildFile; fileRef = 3BA3877025960CD400A54C34 /* FeedImageCellController.swift */; };
		3BA387742596103200A54C34 /* FeedUIComposer.swift in Sources */ = {isa = PBXBuildFile; fileRef = 3BA387732596103200A54C34 /* FeedUIComposer.swift */; };
		3BA387792599F23400A54C34 /* FeedImageViewModel.swift in Sources */ = {isa = PBXBuildFile; fileRef = 3BA387782599F23400A54C34 /* FeedImageViewModel.swift */; };
		3BA38786259B414500A54C34 /* FeedPresenter.swift in Sources */ = {isa = PBXBuildFile; fileRef = 3BA38785259B414500A54C34 /* FeedPresenter.swift */; };
		3BA38788259D72CD00A54C34 /* FeedImagePresenter.swift in Sources */ = {isa = PBXBuildFile; fileRef = 3BA38787259D72CD00A54C34 /* FeedImagePresenter.swift */; };
		3BA3878A25A2B44800A54C34 /* Feed.storyboard in Resources */ = {isa = PBXBuildFile; fileRef = 3BA3878925A2B44800A54C34 /* Feed.storyboard */; };
		3BD605742500921A00D8D5E1 /* RemoteFeedLoader.swift in Sources */ = {isa = PBXBuildFile; fileRef = 3BE0F28224F9E9E30083D866 /* RemoteFeedLoader.swift */; };
		3BE0F26B24F8ACF20083D866 /* EssentialFeed.framework in Frameworks */ = {isa = PBXBuildFile; fileRef = 3BE0F26124F8ACF20083D866 /* EssentialFeed.framework */; };
		3BE0F27024F8ACF20083D866 /* EssentialFeedTests.swift in Sources */ = {isa = PBXBuildFile; fileRef = 3BE0F26F24F8ACF20083D866 /* EssentialFeedTests.swift */; };
		3BE0F27224F8ACF20083D866 /* EssentialFeed.h in Headers */ = {isa = PBXBuildFile; fileRef = 3BE0F26424F8ACF20083D866 /* EssentialFeed.h */; settings = {ATTRIBUTES = (Public, ); }; };
		3BE0F27C24F8AD140083D866 /* FeedImage.swift in Sources */ = {isa = PBXBuildFile; fileRef = 3BE0F27B24F8AD140083D866 /* FeedImage.swift */; };
		3BE0F27E24F8AD730083D866 /* FeedLoader.swift in Sources */ = {isa = PBXBuildFile; fileRef = 3BE0F27D24F8AD730083D866 /* FeedLoader.swift */; };
		3BE0F28024F9E6550083D866 /* RemoteFeedLoaderTests.swift in Sources */ = {isa = PBXBuildFile; fileRef = 3BE0F27F24F9E6550083D866 /* RemoteFeedLoaderTests.swift */; };
		3BFB334925A2B53C00FB2FE5 /* Feed.xcassets in Resources */ = {isa = PBXBuildFile; fileRef = 3BFB334825A2B53C00FB2FE5 /* Feed.xcassets */; };
		3BFDE5E52577258600D01BFC /* EssentialFeedCacheIntegrationTests.swift in Sources */ = {isa = PBXBuildFile; fileRef = 3BFDE5E42577258600D01BFC /* EssentialFeedCacheIntegrationTests.swift */; };
		3BFDE5E72577258600D01BFC /* EssentialFeed.framework in Frameworks */ = {isa = PBXBuildFile; fileRef = 3BE0F26124F8ACF20083D866 /* EssentialFeed.framework */; };
		3BFDE5ED257728BA00D01BFC /* XCTestCase+MemoryLeakTrackingHelper.swift in Sources */ = {isa = PBXBuildFile; fileRef = 3B43D086252353A4006FB77C /* XCTestCase+MemoryLeakTrackingHelper.swift */; };
		3BFDE5EF257729CC00D01BFC /* CoreDataFeedStore.swift in Sources */ = {isa = PBXBuildFile; fileRef = 3BFDE5EE257729CC00D01BFC /* CoreDataFeedStore.swift */; };
		3BFDE5F125772A2500D01BFC /* CoreDataFeedStoreTests.swift in Sources */ = {isa = PBXBuildFile; fileRef = 3BFDE5F025772A2500D01BFC /* CoreDataFeedStoreTests.swift */; };
		3BFDE5F725772BE600D01BFC /* FeedStore.xcdatamodeld in Sources */ = {isa = PBXBuildFile; fileRef = 3BFDE5F525772BE600D01BFC /* FeedStore.xcdatamodeld */; };
		3BFDE5FB25777B5900D01BFC /* CoreDataHelpers.swift in Sources */ = {isa = PBXBuildFile; fileRef = 3BFDE5FA25777B5900D01BFC /* CoreDataHelpers.swift */; };
		3BFDE5FD25777C1900D01BFC /* ManagedCache.swift in Sources */ = {isa = PBXBuildFile; fileRef = 3BFDE5FC25777C1900D01BFC /* ManagedCache.swift */; };
		3BFDE5FF25777C4700D01BFC /* ManagedFeedImage.swift in Sources */ = {isa = PBXBuildFile; fileRef = 3BFDE5FE25777C4700D01BFC /* ManagedFeedImage.swift */; };
		3BFDE67B258AFC5900D01BFC /* EssentialFeediOS.framework in Frameworks */ = {isa = PBXBuildFile; fileRef = 3BFDE672258AFC5900D01BFC /* EssentialFeediOS.framework */; };
		3BFDE68A258B478F00D01BFC /* FeedUIIntegrationTests.swift in Sources */ = {isa = PBXBuildFile; fileRef = 3BFDE689258B478F00D01BFC /* FeedUIIntegrationTests.swift */; };
/* End PBXBuildFile section */

/* Begin PBXContainerItemProxy section */
		3B43D09425257D67006FB77C /* PBXContainerItemProxy */ = {
			isa = PBXContainerItemProxy;
			containerPortal = 3BE0F25824F8ACF20083D866 /* Project object */;
			proxyType = 1;
			remoteGlobalIDString = 3BE0F26024F8ACF20083D866;
			remoteInfo = EssentialFeed;
		};
		3B9521CE258DA59500F8D308 /* PBXContainerItemProxy */ = {
			isa = PBXContainerItemProxy;
			containerPortal = 3BE0F25824F8ACF20083D866 /* Project object */;
			proxyType = 1;
			remoteGlobalIDString = 3BE0F26024F8ACF20083D866;
			remoteInfo = EssentialFeed;
		};
		3BE0F26C24F8ACF20083D866 /* PBXContainerItemProxy */ = {
			isa = PBXContainerItemProxy;
			containerPortal = 3BE0F25824F8ACF20083D866 /* Project object */;
			proxyType = 1;
			remoteGlobalIDString = 3BE0F26024F8ACF20083D866;
			remoteInfo = EssentialFeed;
		};
		3BFDE5E82577258600D01BFC /* PBXContainerItemProxy */ = {
			isa = PBXContainerItemProxy;
			containerPortal = 3BE0F25824F8ACF20083D866 /* Project object */;
			proxyType = 1;
			remoteGlobalIDString = 3BE0F26024F8ACF20083D866;
			remoteInfo = EssentialFeed;
		};
		3BFDE67C258AFC5900D01BFC /* PBXContainerItemProxy */ = {
			isa = PBXContainerItemProxy;
			containerPortal = 3BE0F25824F8ACF20083D866 /* Project object */;
			proxyType = 1;
			remoteGlobalIDString = 3BFDE671258AFC5900D01BFC;
			remoteInfo = EssentialFeediOS;
		};
/* End PBXContainerItemProxy section */

/* Begin PBXCopyFilesBuildPhase section */
		3B9521D0258DA59500F8D308 /* Embed Frameworks */ = {
			isa = PBXCopyFilesBuildPhase;
			buildActionMask = 2147483647;
			dstPath = "";
			dstSubfolderSpec = 10;
			files = (
				3B9521CD258DA59500F8D308 /* EssentialFeed.framework in Embed Frameworks */,
			);
			name = "Embed Frameworks";
			runOnlyForDeploymentPostprocessing = 0;
		};
/* End PBXCopyFilesBuildPhase section */

/* Begin PBXFileReference section */
		3B3A2EC525A6B261006EC875 /* FeedViewControllerTests+Localization.swift */ = {isa = PBXFileReference; lastKnownFileType = sourcecode.swift; path = "FeedViewControllerTests+Localization.swift"; sourceTree = "<group>"; };
		3B3A2EC825A6B3D0006EC875 /* en */ = {isa = PBXFileReference; lastKnownFileType = text.plist.strings; name = en; path = en.lproj/Feed.strings; sourceTree = "<group>"; };
		3B3A2ECA25A6B42D006EC875 /* hi */ = {isa = PBXFileReference; lastKnownFileType = text.plist.strings; name = hi; path = hi.lproj/Feed.strings; sourceTree = "<group>"; };
		3B3A2ECB25A6B4F9006EC875 /* pt-BR */ = {isa = PBXFileReference; lastKnownFileType = text.plist.strings; name = "pt-BR"; path = "pt-BR.lproj/Feed.strings"; sourceTree = "<group>"; };
		3B3A2ECD25A6B565006EC875 /* FeedLocalizationTests.swift */ = {isa = PBXFileReference; lastKnownFileType = sourcecode.swift; path = FeedLocalizationTests.swift; sourceTree = "<group>"; };
		3B43D07C251855BE006FB77C /* HTTPClient.swift */ = {isa = PBXFileReference; lastKnownFileType = sourcecode.swift; path = HTTPClient.swift; sourceTree = "<group>"; };
		3B43D07E25185617006FB77C /* FeedItemsMapper.swift */ = {isa = PBXFileReference; lastKnownFileType = sourcecode.swift; path = FeedItemsMapper.swift; sourceTree = "<group>"; };
		3B43D083251D926F006FB77C /* URLSessionHTTPClientTests.swift */ = {isa = PBXFileReference; lastKnownFileType = sourcecode.swift; path = URLSessionHTTPClientTests.swift; sourceTree = "<group>"; };
		3B43D086252353A4006FB77C /* XCTestCase+MemoryLeakTrackingHelper.swift */ = {isa = PBXFileReference; lastKnownFileType = sourcecode.swift; path = "XCTestCase+MemoryLeakTrackingHelper.swift"; sourceTree = "<group>"; };
		3B43D088252426B3006FB77C /* URLSessionHTTPClient.swift */ = {isa = PBXFileReference; lastKnownFileType = sourcecode.swift; path = URLSessionHTTPClient.swift; sourceTree = "<group>"; };
		3B43D08E25257D67006FB77C /* EssentialFeedAPIEndToEndTests.xctest */ = {isa = PBXFileReference; explicitFileType = wrapper.cfbundle; includeInIndex = 0; path = EssentialFeedAPIEndToEndTests.xctest; sourceTree = BUILT_PRODUCTS_DIR; };
		3B43D09025257D67006FB77C /* EssentialFeedAPIEndToEndTests.swift */ = {isa = PBXFileReference; lastKnownFileType = sourcecode.swift; path = EssentialFeedAPIEndToEndTests.swift; sourceTree = "<group>"; };
		3B43D09225257D67006FB77C /* Info.plist */ = {isa = PBXFileReference; lastKnownFileType = text.plist.xml; path = Info.plist; sourceTree = "<group>"; };
		3B448AF22546E2A60024DA93 /* README.md */ = {isa = PBXFileReference; fileEncoding = 4; lastKnownFileType = net.daringfireball.markdown; path = README.md; sourceTree = "<group>"; };
		3B448AF72546EFDF0024DA93 /* CacheFeedUseCaseTests.swift */ = {isa = PBXFileReference; lastKnownFileType = sourcecode.swift; path = CacheFeedUseCaseTests.swift; sourceTree = "<group>"; };
		3B448AFA254846810024DA93 /* LocalFeedLoader.swift */ = {isa = PBXFileReference; lastKnownFileType = sourcecode.swift; path = LocalFeedLoader.swift; sourceTree = "<group>"; };
		3B448AFC254847380024DA93 /* FeedStore.swift */ = {isa = PBXFileReference; lastKnownFileType = sourcecode.swift; path = FeedStore.swift; sourceTree = "<group>"; };
		3B448AFE2549961A0024DA93 /* RemoteFeedItem.swift */ = {isa = PBXFileReference; lastKnownFileType = sourcecode.swift; path = RemoteFeedItem.swift; sourceTree = "<group>"; };
		3B448B002549965A0024DA93 /* LocalFeedImage.swift */ = {isa = PBXFileReference; lastKnownFileType = sourcecode.swift; path = LocalFeedImage.swift; sourceTree = "<group>"; };
		3B448B04254A64EE0024DA93 /* LoadFeedFromCacheUseCaseTests.swift */ = {isa = PBXFileReference; lastKnownFileType = sourcecode.swift; path = LoadFeedFromCacheUseCaseTests.swift; sourceTree = "<group>"; };
		3B448B07254A66F70024DA93 /* FeedStoreSpy.swift */ = {isa = PBXFileReference; lastKnownFileType = sourcecode.swift; name = FeedStoreSpy.swift; path = "EssentialFeedTests/Feed Cache/Helpers/FeedStoreSpy.swift"; sourceTree = SOURCE_ROOT; };
		3B5B48EA25A5CEA700611F05 /* UITableView+Dequeueing.swift */ = {isa = PBXFileReference; lastKnownFileType = sourcecode.swift; path = "UITableView+Dequeueing.swift"; sourceTree = "<group>"; };
		3B5B48EC25A5CF5900611F05 /* UIImageView+Animations.swift */ = {isa = PBXFileReference; lastKnownFileType = sourcecode.swift; path = "UIImageView+Animations.swift"; sourceTree = "<group>"; };
		3B644B8D254BF03500237DC2 /* ValidateFeedCacheUseCaseTests.swift */ = {isa = PBXFileReference; lastKnownFileType = sourcecode.swift; path = ValidateFeedCacheUseCaseTests.swift; sourceTree = "<group>"; };
		3B644B8F254BF5BC00237DC2 /* FeedCacheTestHelpers.swift */ = {isa = PBXFileReference; lastKnownFileType = sourcecode.swift; path = FeedCacheTestHelpers.swift; sourceTree = "<group>"; };
		3B644B91254BF68800237DC2 /* SharedTestHelpers.swift */ = {isa = PBXFileReference; lastKnownFileType = sourcecode.swift; path = SharedTestHelpers.swift; sourceTree = "<group>"; };
		3B644B932550F61700237DC2 /* FeedCachePolicy.swift */ = {isa = PBXFileReference; lastKnownFileType = sourcecode.swift; path = FeedCachePolicy.swift; sourceTree = "<group>"; };
		3B644B952551014D00237DC2 /* FeedStoreImplementation.rtf */ = {isa = PBXFileReference; lastKnownFileType = text.rtf; path = FeedStoreImplementation.rtf; sourceTree = "<group>"; };
		3B644B9725513D7900237DC2 /* CodableFeedStoreTests.swift */ = {isa = PBXFileReference; lastKnownFileType = sourcecode.swift; path = CodableFeedStoreTests.swift; sourceTree = "<group>"; };
		3B644B992554E51F00237DC2 /* CodableFeedStore.swift */ = {isa = PBXFileReference; lastKnownFileType = sourcecode.swift; path = CodableFeedStore.swift; sourceTree = "<group>"; };
		3B644B9B2555353F00237DC2 /* FeedStoreSpecs.swift */ = {isa = PBXFileReference; lastKnownFileType = sourcecode.swift; path = FeedStoreSpecs.swift; sourceTree = "<group>"; };
		3B644B9D2555361700237DC2 /* XCTestCase+FeedStoreSpecs.swift */ = {isa = PBXFileReference; lastKnownFileType = sourcecode.swift; path = "XCTestCase+FeedStoreSpecs.swift"; sourceTree = "<group>"; };
		3B644B9F255A389900237DC2 /* XCTestCase+FailableRetrieveFeedStoreSpecs.swift */ = {isa = PBXFileReference; lastKnownFileType = sourcecode.swift; path = "XCTestCase+FailableRetrieveFeedStoreSpecs.swift"; sourceTree = "<group>"; };
		3B644BA1255A392000237DC2 /* XCTestCase+FailableInsertFeedStoreSpecs.swift */ = {isa = PBXFileReference; lastKnownFileType = sourcecode.swift; path = "XCTestCase+FailableInsertFeedStoreSpecs.swift"; sourceTree = "<group>"; };
		3B644BA3255A398E00237DC2 /* XCTestCase+FailableDeleteFeedStoreSpecs.swift */ = {isa = PBXFileReference; lastKnownFileType = sourcecode.swift; path = "XCTestCase+FailableDeleteFeedStoreSpecs.swift"; sourceTree = "<group>"; };
		3B9521D22590BDA600F8D308 /* FeedViewController.swift */ = {isa = PBXFileReference; lastKnownFileType = sourcecode.swift; path = FeedViewController.swift; sourceTree = "<group>"; };
		3BA387612592DBEC00A54C34 /* FeedImageCell.swift */ = {isa = PBXFileReference; lastKnownFileType = sourcecode.swift; path = FeedImageCell.swift; sourceTree = "<group>"; };
		3BA387632594317900A54C34 /* UIView+Shimmering.swift */ = {isa = PBXFileReference; lastKnownFileType = sourcecode.swift; path = "UIView+Shimmering.swift"; sourceTree = "<group>"; };
		3BA38769259583A100A54C34 /* FeedImageDataLoader.swift */ = {isa = PBXFileReference; lastKnownFileType = sourcecode.swift; path = FeedImageDataLoader.swift; sourceTree = "<group>"; };
		3BA3877025960CD400A54C34 /* FeedImageCellController.swift */ = {isa = PBXFileReference; lastKnownFileType = sourcecode.swift; path = FeedImageCellController.swift; sourceTree = "<group>"; };
		3BA387732596103200A54C34 /* FeedUIComposer.swift */ = {isa = PBXFileReference; lastKnownFileType = sourcecode.swift; path = FeedUIComposer.swift; sourceTree = "<group>"; };
		3BA387782599F23400A54C34 /* FeedImageViewModel.swift */ = {isa = PBXFileReference; lastKnownFileType = sourcecode.swift; name = FeedImageViewModel.swift; path = "../Feed Presentation/FeedImageViewModel.swift"; sourceTree = "<group>"; };
		3BA38785259B414500A54C34 /* FeedPresenter.swift */ = {isa = PBXFileReference; lastKnownFileType = sourcecode.swift; path = FeedPresenter.swift; sourceTree = "<group>"; };
		3BA38787259D72CD00A54C34 /* FeedImagePresenter.swift */ = {isa = PBXFileReference; lastKnownFileType = sourcecode.swift; path = FeedImagePresenter.swift; sourceTree = "<group>"; };
		3BA3878925A2B44800A54C34 /* Feed.storyboard */ = {isa = PBXFileReference; lastKnownFileType = file.storyboard; path = Feed.storyboard; sourceTree = "<group>"; };
		3BE0F26124F8ACF20083D866 /* EssentialFeed.framework */ = {isa = PBXFileReference; explicitFileType = wrapper.framework; includeInIndex = 0; path = EssentialFeed.framework; sourceTree = BUILT_PRODUCTS_DIR; };
		3BE0F26424F8ACF20083D866 /* EssentialFeed.h */ = {isa = PBXFileReference; lastKnownFileType = sourcecode.c.h; path = EssentialFeed.h; sourceTree = "<group>"; };
		3BE0F26524F8ACF20083D866 /* Info.plist */ = {isa = PBXFileReference; lastKnownFileType = text.plist.xml; path = Info.plist; sourceTree = "<group>"; };
		3BE0F26A24F8ACF20083D866 /* EssentialFeedTests.xctest */ = {isa = PBXFileReference; explicitFileType = wrapper.cfbundle; includeInIndex = 0; path = EssentialFeedTests.xctest; sourceTree = BUILT_PRODUCTS_DIR; };
		3BE0F26F24F8ACF20083D866 /* EssentialFeedTests.swift */ = {isa = PBXFileReference; lastKnownFileType = sourcecode.swift; path = EssentialFeedTests.swift; sourceTree = "<group>"; };
		3BE0F27124F8ACF20083D866 /* Info.plist */ = {isa = PBXFileReference; lastKnownFileType = text.plist.xml; path = Info.plist; sourceTree = "<group>"; };
		3BE0F27B24F8AD140083D866 /* FeedImage.swift */ = {isa = PBXFileReference; lastKnownFileType = sourcecode.swift; path = FeedImage.swift; sourceTree = "<group>"; };
		3BE0F27D24F8AD730083D866 /* FeedLoader.swift */ = {isa = PBXFileReference; lastKnownFileType = sourcecode.swift; path = FeedLoader.swift; sourceTree = "<group>"; };
		3BE0F27F24F9E6550083D866 /* RemoteFeedLoaderTests.swift */ = {isa = PBXFileReference; lastKnownFileType = sourcecode.swift; path = RemoteFeedLoaderTests.swift; sourceTree = "<group>"; };
		3BE0F28224F9E9E30083D866 /* RemoteFeedLoader.swift */ = {isa = PBXFileReference; lastKnownFileType = sourcecode.swift; path = RemoteFeedLoader.swift; sourceTree = "<group>"; };
		3BFB334825A2B53C00FB2FE5 /* Feed.xcassets */ = {isa = PBXFileReference; lastKnownFileType = folder.assetcatalog; path = Feed.xcassets; sourceTree = "<group>"; };
		3BFDE5E22577258600D01BFC /* EssentialFeedCacheIntegrationTests.xctest */ = {isa = PBXFileReference; explicitFileType = wrapper.cfbundle; includeInIndex = 0; path = EssentialFeedCacheIntegrationTests.xctest; sourceTree = BUILT_PRODUCTS_DIR; };
		3BFDE5E42577258600D01BFC /* EssentialFeedCacheIntegrationTests.swift */ = {isa = PBXFileReference; lastKnownFileType = sourcecode.swift; path = EssentialFeedCacheIntegrationTests.swift; sourceTree = "<group>"; };
		3BFDE5E62577258600D01BFC /* Info.plist */ = {isa = PBXFileReference; lastKnownFileType = text.plist.xml; path = Info.plist; sourceTree = "<group>"; };
		3BFDE5EE257729CC00D01BFC /* CoreDataFeedStore.swift */ = {isa = PBXFileReference; lastKnownFileType = sourcecode.swift; path = CoreDataFeedStore.swift; sourceTree = "<group>"; };
		3BFDE5F025772A2500D01BFC /* CoreDataFeedStoreTests.swift */ = {isa = PBXFileReference; lastKnownFileType = sourcecode.swift; path = CoreDataFeedStoreTests.swift; sourceTree = "<group>"; };
		3BFDE5F625772BE600D01BFC /* FeedStore.xcdatamodel */ = {isa = PBXFileReference; lastKnownFileType = wrapper.xcdatamodel; path = FeedStore.xcdatamodel; sourceTree = "<group>"; };
		3BFDE5FA25777B5900D01BFC /* CoreDataHelpers.swift */ = {isa = PBXFileReference; lastKnownFileType = sourcecode.swift; path = CoreDataHelpers.swift; sourceTree = "<group>"; };
		3BFDE5FC25777C1900D01BFC /* ManagedCache.swift */ = {isa = PBXFileReference; lastKnownFileType = sourcecode.swift; path = ManagedCache.swift; sourceTree = "<group>"; };
		3BFDE5FE25777C4700D01BFC /* ManagedFeedImage.swift */ = {isa = PBXFileReference; lastKnownFileType = sourcecode.swift; path = ManagedFeedImage.swift; sourceTree = "<group>"; };
		3BFDE672258AFC5900D01BFC /* EssentialFeediOS.framework */ = {isa = PBXFileReference; explicitFileType = wrapper.framework; includeInIndex = 0; path = EssentialFeediOS.framework; sourceTree = BUILT_PRODUCTS_DIR; };
		3BFDE675258AFC5900D01BFC /* Info.plist */ = {isa = PBXFileReference; lastKnownFileType = text.plist.xml; path = Info.plist; sourceTree = "<group>"; };
		3BFDE67A258AFC5900D01BFC /* EssentialFeediOSTests.xctest */ = {isa = PBXFileReference; explicitFileType = wrapper.cfbundle; includeInIndex = 0; path = EssentialFeediOSTests.xctest; sourceTree = BUILT_PRODUCTS_DIR; };
		3BFDE681258AFC5900D01BFC /* Info.plist */ = {isa = PBXFileReference; lastKnownFileType = text.plist.xml; path = Info.plist; sourceTree = "<group>"; };
		3BFDE689258B478F00D01BFC /* FeedUIIntegrationTests.swift */ = {isa = PBXFileReference; lastKnownFileType = sourcecode.swift; path = FeedUIIntegrationTests.swift; sourceTree = "<group>"; };
/* End PBXFileReference section */

/* Begin PBXFrameworksBuildPhase section */
		3B43D08B25257D67006FB77C /* Frameworks */ = {
			isa = PBXFrameworksBuildPhase;
			buildActionMask = 2147483647;
			files = (
				3B43D09325257D67006FB77C /* EssentialFeed.framework in Frameworks */,
			);
			runOnlyForDeploymentPostprocessing = 0;
		};
		3BE0F25E24F8ACF20083D866 /* Frameworks */ = {
			isa = PBXFrameworksBuildPhase;
			buildActionMask = 2147483647;
			files = (
			);
			runOnlyForDeploymentPostprocessing = 0;
		};
		3BE0F26724F8ACF20083D866 /* Frameworks */ = {
			isa = PBXFrameworksBuildPhase;
			buildActionMask = 2147483647;
			files = (
				3BE0F26B24F8ACF20083D866 /* EssentialFeed.framework in Frameworks */,
			);
			runOnlyForDeploymentPostprocessing = 0;
		};
		3BFDE5DF2577258600D01BFC /* Frameworks */ = {
			isa = PBXFrameworksBuildPhase;
			buildActionMask = 2147483647;
			files = (
				3BFDE5E72577258600D01BFC /* EssentialFeed.framework in Frameworks */,
			);
			runOnlyForDeploymentPostprocessing = 0;
		};
		3BFDE66F258AFC5900D01BFC /* Frameworks */ = {
			isa = PBXFrameworksBuildPhase;
			buildActionMask = 2147483647;
			files = (
				3B9521CC258DA59500F8D308 /* EssentialFeed.framework in Frameworks */,
			);
			runOnlyForDeploymentPostprocessing = 0;
		};
		3BFDE677258AFC5900D01BFC /* Frameworks */ = {
			isa = PBXFrameworksBuildPhase;
			buildActionMask = 2147483647;
			files = (
				3BFDE67B258AFC5900D01BFC /* EssentialFeediOS.framework in Frameworks */,
			);
			runOnlyForDeploymentPostprocessing = 0;
		};
/* End PBXFrameworksBuildPhase section */

/* Begin PBXGroup section */
		3B3A2EC225A6B225006EC875 /* Feed UI */ = {
			isa = PBXGroup;
			children = (
				3B3A2EC325A6B23D006EC875 /* Controllers */,
			);
			path = "Feed UI";
			sourceTree = "<group>";
		};
		3B3A2EC325A6B23D006EC875 /* Controllers */ = {
			isa = PBXGroup;
			children = (
				3BFDE689258B478F00D01BFC /* FeedUIIntegrationTests.swift */,
				3B3A2EC425A6B244006EC875 /* Helpers */,
			);
			path = Controllers;
			sourceTree = "<group>";
		};
		3B3A2EC425A6B244006EC875 /* Helpers */ = {
			isa = PBXGroup;
			children = (
				3B3A2EC525A6B261006EC875 /* FeedViewControllerTests+Localization.swift */,
			);
			path = Helpers;
			sourceTree = "<group>";
		};
		3B3A2ECC25A6B54B006EC875 /* Feed Presentation */ = {
			isa = PBXGroup;
			children = (
				3B3A2ECD25A6B565006EC875 /* FeedLocalizationTests.swift */,
			);
			path = "Feed Presentation";
			sourceTree = "<group>";
		};
		3B43D0802518EDDF006FB77C /* FeedAPI */ = {
			isa = PBXGroup;
			children = (
				3BE0F27F24F9E6550083D866 /* RemoteFeedLoaderTests.swift */,
				3B43D083251D926F006FB77C /* URLSessionHTTPClientTests.swift */,
			);
			path = FeedAPI;
			sourceTree = "<group>";
		};
		3B43D0852523536B006FB77C /* Helpers */ = {
			isa = PBXGroup;
			children = (
				3B43D086252353A4006FB77C /* XCTestCase+MemoryLeakTrackingHelper.swift */,
				3B644B91254BF68800237DC2 /* SharedTestHelpers.swift */,
			);
			path = Helpers;
			sourceTree = "<group>";
		};
		3B43D08F25257D67006FB77C /* EssentialFeedAPIEndToEndTests */ = {
			isa = PBXGroup;
			children = (
				3B43D09025257D67006FB77C /* EssentialFeedAPIEndToEndTests.swift */,
				3B43D09225257D67006FB77C /* Info.plist */,
			);
			path = EssentialFeedAPIEndToEndTests;
			sourceTree = "<group>";
		};
		3B448AF62546EFB70024DA93 /* Feed Cache */ = {
			isa = PBXGroup;
			children = (
				3B644BA5255A3A1700237DC2 /* FeedStoreSpecs */,
				3B448B06254A66D30024DA93 /* Helpers */,
				3B448AF72546EFDF0024DA93 /* CacheFeedUseCaseTests.swift */,
				3B448B04254A64EE0024DA93 /* LoadFeedFromCacheUseCaseTests.swift */,
				3B644B8D254BF03500237DC2 /* ValidateFeedCacheUseCaseTests.swift */,
				3B644B9725513D7900237DC2 /* CodableFeedStoreTests.swift */,
				3BFDE5F025772A2500D01BFC /* CoreDataFeedStoreTests.swift */,
			);
			path = "Feed Cache";
			sourceTree = "<group>";
		};
		3B448AF9254846610024DA93 /* Feed Cache */ = {
			isa = PBXGroup;
			children = (
				3BFDE5F825777ADD00D01BFC /* Infrastructure */,
				3B448AFA254846810024DA93 /* LocalFeedLoader.swift */,
				3B448AFC254847380024DA93 /* FeedStore.swift */,
				3B448B002549965A0024DA93 /* LocalFeedImage.swift */,
				3B644B932550F61700237DC2 /* FeedCachePolicy.swift */,
				3B644B992554E51F00237DC2 /* CodableFeedStore.swift */,
				3BFDE5F525772BE600D01BFC /* FeedStore.xcdatamodeld */,
			);
			path = "Feed Cache";
			sourceTree = "<group>";
		};
		3B448B06254A66D30024DA93 /* Helpers */ = {
			isa = PBXGroup;
			children = (
				3B448B07254A66F70024DA93 /* FeedStoreSpy.swift */,
				3B644B8F254BF5BC00237DC2 /* FeedCacheTestHelpers.swift */,
			);
			path = Helpers;
			sourceTree = "<group>";
		};
		3B644BA5255A3A1700237DC2 /* FeedStoreSpecs */ = {
			isa = PBXGroup;
			children = (
				3B644B9B2555353F00237DC2 /* FeedStoreSpecs.swift */,
				3B644B9D2555361700237DC2 /* XCTestCase+FeedStoreSpecs.swift */,
				3B644B9F255A389900237DC2 /* XCTestCase+FailableRetrieveFeedStoreSpecs.swift */,
				3B644BA1255A392000237DC2 /* XCTestCase+FailableInsertFeedStoreSpecs.swift */,
				3B644BA3255A398E00237DC2 /* XCTestCase+FailableDeleteFeedStoreSpecs.swift */,
			);
			path = FeedStoreSpecs;
			sourceTree = "<group>";
		};
		3B9521C6258CC97E00F8D308 /* Frameworks */ = {
			isa = PBXGroup;
			children = (
			);
			name = Frameworks;
			sourceTree = "<group>";
		};
		3BA38765259582D300A54C34 /* Feed UI */ = {
			isa = PBXGroup;
			children = (
				3BA38784259B410400A54C34 /* Presentation */,
				3BA387722596101D00A54C34 /* Composers */,
				3BA387672595833700A54C34 /* Controllers */,
				3BA387662595832E00A54C34 /* Views */,
			);
			path = "Feed UI";
			sourceTree = "<group>";
		};
		3BA387662595832E00A54C34 /* Views */ = {
			isa = PBXGroup;
			children = (
				3BA387612592DBEC00A54C34 /* FeedImageCell.swift */,
				3BA387632594317900A54C34 /* UIView+Shimmering.swift */,
				3BA3878925A2B44800A54C34 /* Feed.storyboard */,
				3BFB334825A2B53C00FB2FE5 /* Feed.xcassets */,
				3B5B48EA25A5CEA700611F05 /* UITableView+Dequeueing.swift */,
				3B5B48EC25A5CF5900611F05 /* UIImageView+Animations.swift */,
			);
			path = Views;
			sourceTree = "<group>";
		};
		3BA387672595833700A54C34 /* Controllers */ = {
			isa = PBXGroup;
			children = (
				3B9521D22590BDA600F8D308 /* FeedViewController.swift */,
				3BA3877025960CD400A54C34 /* FeedImageCellController.swift */,
			);
			path = Controllers;
			sourceTree = "<group>";
		};
		3BA387682595838A00A54C34 /* Feed Image Loader */ = {
			isa = PBXGroup;
			children = (
				3BA38769259583A100A54C34 /* FeedImageDataLoader.swift */,
			);
			path = "Feed Image Loader";
			sourceTree = "<group>";
		};
		3BA3876B2595844E00A54C34 /* Feed Feature */ = {
			isa = PBXGroup;
			children = (
				3BE0F27B24F8AD140083D866 /* FeedImage.swift */,
				3BE0F27D24F8AD730083D866 /* FeedLoader.swift */,
			);
			path = "Feed Feature";
			sourceTree = "<group>";
		};
		3BA387722596101D00A54C34 /* Composers */ = {
			isa = PBXGroup;
			children = (
				3BA387732596103200A54C34 /* FeedUIComposer.swift */,
			);
			path = Composers;
			sourceTree = "<group>";
		};
		3BA38784259B410400A54C34 /* Presentation */ = {
			isa = PBXGroup;
			children = (
				3BA387782599F23400A54C34 /* FeedImageViewModel.swift */,
				3BA38785259B414500A54C34 /* FeedPresenter.swift */,
				3BA38787259D72CD00A54C34 /* FeedImagePresenter.swift */,
				3B3A2EC925A6B3D0006EC875 /* Feed.strings */,
			);
			path = Presentation;
			sourceTree = "<group>";
		};
		3BE0F25724F8ACF20083D866 = {
			isa = PBXGroup;
			children = (
				3BE0F26324F8ACF20083D866 /* EssentialFeed */,
				3BE0F26E24F8ACF20083D866 /* EssentialFeedTests */,
				3B43D08F25257D67006FB77C /* EssentialFeedAPIEndToEndTests */,
				3BFDE5E32577258600D01BFC /* EssentialFeedCacheIntegrationTests */,
				3BFDE673258AFC5900D01BFC /* EssentialFeediOS */,
				3BFDE67E258AFC5900D01BFC /* EssentialFeediOSTests */,
				3BE0F26224F8ACF20083D866 /* Products */,
				3B448AF22546E2A60024DA93 /* README.md */,
				3B644B952551014D00237DC2 /* FeedStoreImplementation.rtf */,
				3B9521C6258CC97E00F8D308 /* Frameworks */,
			);
			sourceTree = "<group>";
		};
		3BE0F26224F8ACF20083D866 /* Products */ = {
			isa = PBXGroup;
			children = (
				3BE0F26124F8ACF20083D866 /* EssentialFeed.framework */,
				3BE0F26A24F8ACF20083D866 /* EssentialFeedTests.xctest */,
				3B43D08E25257D67006FB77C /* EssentialFeedAPIEndToEndTests.xctest */,
				3BFDE5E22577258600D01BFC /* EssentialFeedCacheIntegrationTests.xctest */,
				3BFDE672258AFC5900D01BFC /* EssentialFeediOS.framework */,
				3BFDE67A258AFC5900D01BFC /* EssentialFeediOSTests.xctest */,
			);
			name = Products;
			sourceTree = "<group>";
		};
		3BE0F26324F8ACF20083D866 /* EssentialFeed */ = {
			isa = PBXGroup;
			children = (
				3BA3876B2595844E00A54C34 /* Feed Feature */,
				3B448AF9254846610024DA93 /* Feed Cache */,
				3BE0F28124F9E9B80083D866 /* Feed API */,
				3BE0F26424F8ACF20083D866 /* EssentialFeed.h */,
				3BE0F26524F8ACF20083D866 /* Info.plist */,
			);
			path = EssentialFeed;
			sourceTree = "<group>";
		};
		3BE0F26E24F8ACF20083D866 /* EssentialFeedTests */ = {
			isa = PBXGroup;
			children = (
				3B43D0852523536B006FB77C /* Helpers */,
				3B448AF62546EFB70024DA93 /* Feed Cache */,
				3BE0F26F24F8ACF20083D866 /* EssentialFeedTests.swift */,
				3BE0F27124F8ACF20083D866 /* Info.plist */,
				3B43D0802518EDDF006FB77C /* FeedAPI */,
			);
			path = EssentialFeedTests;
			sourceTree = "<group>";
		};
		3BE0F28124F9E9B80083D866 /* Feed API */ = {
			isa = PBXGroup;
			children = (
				3BE0F28224F9E9E30083D866 /* RemoteFeedLoader.swift */,
				3B43D07C251855BE006FB77C /* HTTPClient.swift */,
				3B43D07E25185617006FB77C /* FeedItemsMapper.swift */,
				3B43D088252426B3006FB77C /* URLSessionHTTPClient.swift */,
				3B448AFE2549961A0024DA93 /* RemoteFeedItem.swift */,
			);
			path = "Feed API";
			sourceTree = "<group>";
		};
		3BFDE5E32577258600D01BFC /* EssentialFeedCacheIntegrationTests */ = {
			isa = PBXGroup;
			children = (
				3BFDE5E42577258600D01BFC /* EssentialFeedCacheIntegrationTests.swift */,
				3BFDE5E62577258600D01BFC /* Info.plist */,
			);
			path = EssentialFeedCacheIntegrationTests;
			sourceTree = "<group>";
		};
		3BFDE5F825777ADD00D01BFC /* Infrastructure */ = {
			isa = PBXGroup;
			children = (
				3BFDE5F925777AF000D01BFC /* CoreData */,
			);
			path = Infrastructure;
			sourceTree = "<group>";
		};
		3BFDE5F925777AF000D01BFC /* CoreData */ = {
			isa = PBXGroup;
			children = (
				3BFDE5EE257729CC00D01BFC /* CoreDataFeedStore.swift */,
				3BFDE5FA25777B5900D01BFC /* CoreDataHelpers.swift */,
				3BFDE5FC25777C1900D01BFC /* ManagedCache.swift */,
				3BFDE5FE25777C4700D01BFC /* ManagedFeedImage.swift */,
			);
			path = CoreData;
			sourceTree = "<group>";
		};
		3BFDE673258AFC5900D01BFC /* EssentialFeediOS */ = {
			isa = PBXGroup;
			children = (
				3BA387682595838A00A54C34 /* Feed Image Loader */,
				3BA38765259582D300A54C34 /* Feed UI */,
				3BFDE675258AFC5900D01BFC /* Info.plist */,
			);
			path = EssentialFeediOS;
			sourceTree = "<group>";
		};
		3BFDE67E258AFC5900D01BFC /* EssentialFeediOSTests */ = {
			isa = PBXGroup;
			children = (
				3B3A2ECC25A6B54B006EC875 /* Feed Presentation */,
				3B3A2EC225A6B225006EC875 /* Feed UI */,
				3BFDE681258AFC5900D01BFC /* Info.plist */,
			);
			path = EssentialFeediOSTests;
			sourceTree = "<group>";
		};
/* End PBXGroup section */

/* Begin PBXHeadersBuildPhase section */
		3BE0F25C24F8ACF20083D866 /* Headers */ = {
			isa = PBXHeadersBuildPhase;
			buildActionMask = 2147483647;
			files = (
				3BE0F27224F8ACF20083D866 /* EssentialFeed.h in Headers */,
			);
			runOnlyForDeploymentPostprocessing = 0;
		};
		3BFDE66D258AFC5900D01BFC /* Headers */ = {
			isa = PBXHeadersBuildPhase;
			buildActionMask = 2147483647;
			files = (
			);
			runOnlyForDeploymentPostprocessing = 0;
		};
/* End PBXHeadersBuildPhase section */

/* Begin PBXNativeTarget section */
		3B43D08D25257D67006FB77C /* EssentialFeedAPIEndToEndTests */ = {
			isa = PBXNativeTarget;
			buildConfigurationList = 3B43D09625257D67006FB77C /* Build configuration list for PBXNativeTarget "EssentialFeedAPIEndToEndTests" */;
			buildPhases = (
				3B43D08A25257D67006FB77C /* Sources */,
				3B43D08B25257D67006FB77C /* Frameworks */,
				3B43D08C25257D67006FB77C /* Resources */,
			);
			buildRules = (
			);
			dependencies = (
				3B43D09525257D67006FB77C /* PBXTargetDependency */,
			);
			name = EssentialFeedAPIEndToEndTests;
			productName = EssentialFeedAPIEndToEndTests;
			productReference = 3B43D08E25257D67006FB77C /* EssentialFeedAPIEndToEndTests.xctest */;
			productType = "com.apple.product-type.bundle.unit-test";
		};
		3BE0F26024F8ACF20083D866 /* EssentialFeed */ = {
			isa = PBXNativeTarget;
			buildConfigurationList = 3BE0F27524F8ACF20083D866 /* Build configuration list for PBXNativeTarget "EssentialFeed" */;
			buildPhases = (
				3BE0F25C24F8ACF20083D866 /* Headers */,
				3BE0F25D24F8ACF20083D866 /* Sources */,
				3BE0F25E24F8ACF20083D866 /* Frameworks */,
				3BE0F25F24F8ACF20083D866 /* Resources */,
			);
			buildRules = (
			);
			dependencies = (
			);
			name = EssentialFeed;
			productName = EssentialFeed;
			productReference = 3BE0F26124F8ACF20083D866 /* EssentialFeed.framework */;
			productType = "com.apple.product-type.framework";
		};
		3BE0F26924F8ACF20083D866 /* EssentialFeedTests */ = {
			isa = PBXNativeTarget;
			buildConfigurationList = 3BE0F27824F8ACF20083D866 /* Build configuration list for PBXNativeTarget "EssentialFeedTests" */;
			buildPhases = (
				3BE0F26624F8ACF20083D866 /* Sources */,
				3BE0F26724F8ACF20083D866 /* Frameworks */,
				3BE0F26824F8ACF20083D866 /* Resources */,
			);
			buildRules = (
			);
			dependencies = (
				3BE0F26D24F8ACF20083D866 /* PBXTargetDependency */,
			);
			name = EssentialFeedTests;
			productName = EssentialFeedTests;
			productReference = 3BE0F26A24F8ACF20083D866 /* EssentialFeedTests.xctest */;
			productType = "com.apple.product-type.bundle.unit-test";
		};
		3BFDE5E12577258600D01BFC /* EssentialFeedCacheIntegrationTests */ = {
			isa = PBXNativeTarget;
			buildConfigurationList = 3BFDE5EA2577258600D01BFC /* Build configuration list for PBXNativeTarget "EssentialFeedCacheIntegrationTests" */;
			buildPhases = (
				3BFDE5DE2577258600D01BFC /* Sources */,
				3BFDE5DF2577258600D01BFC /* Frameworks */,
				3BFDE5E02577258600D01BFC /* Resources */,
			);
			buildRules = (
			);
			dependencies = (
				3BFDE5E92577258600D01BFC /* PBXTargetDependency */,
			);
			name = EssentialFeedCacheIntegrationTests;
			productName = EssentialFeedCacheIntegrationTests;
			productReference = 3BFDE5E22577258600D01BFC /* EssentialFeedCacheIntegrationTests.xctest */;
			productType = "com.apple.product-type.bundle.unit-test";
		};
		3BFDE671258AFC5900D01BFC /* EssentialFeediOS */ = {
			isa = PBXNativeTarget;
			buildConfigurationList = 3BFDE683258AFC5900D01BFC /* Build configuration list for PBXNativeTarget "EssentialFeediOS" */;
			buildPhases = (
				3BFDE66D258AFC5900D01BFC /* Headers */,
				3BFDE66E258AFC5900D01BFC /* Sources */,
				3BFDE66F258AFC5900D01BFC /* Frameworks */,
				3BFDE670258AFC5900D01BFC /* Resources */,
				3B9521D0258DA59500F8D308 /* Embed Frameworks */,
			);
			buildRules = (
			);
			dependencies = (
				3B9521CF258DA59500F8D308 /* PBXTargetDependency */,
			);
			name = EssentialFeediOS;
			productName = EssentialFeediOS;
			productReference = 3BFDE672258AFC5900D01BFC /* EssentialFeediOS.framework */;
			productType = "com.apple.product-type.framework";
		};
		3BFDE679258AFC5900D01BFC /* EssentialFeediOSTests */ = {
			isa = PBXNativeTarget;
			buildConfigurationList = 3BFDE686258AFC5900D01BFC /* Build configuration list for PBXNativeTarget "EssentialFeediOSTests" */;
			buildPhases = (
				3BFDE676258AFC5900D01BFC /* Sources */,
				3BFDE677258AFC5900D01BFC /* Frameworks */,
				3BFDE678258AFC5900D01BFC /* Resources */,
			);
			buildRules = (
			);
			dependencies = (
				3BFDE67D258AFC5900D01BFC /* PBXTargetDependency */,
			);
			name = EssentialFeediOSTests;
			productName = EssentialFeediOSTests;
			productReference = 3BFDE67A258AFC5900D01BFC /* EssentialFeediOSTests.xctest */;
			productType = "com.apple.product-type.bundle.unit-test";
		};
/* End PBXNativeTarget section */

/* Begin PBXProject section */
		3BE0F25824F8ACF20083D866 /* Project object */ = {
			isa = PBXProject;
			attributes = {
				LastSwiftUpdateCheck = 1150;
				LastUpgradeCheck = 1150;
				ORGANIZATIONNAME = Sharu;
				TargetAttributes = {
					3B43D08D25257D67006FB77C = {
						CreatedOnToolsVersion = 11.5;
					};
					3BE0F26024F8ACF20083D866 = {
						CreatedOnToolsVersion = 11.5;
						LastSwiftMigration = 1150;
					};
					3BE0F26924F8ACF20083D866 = {
						CreatedOnToolsVersion = 11.5;
					};
					3BFDE5E12577258600D01BFC = {
						CreatedOnToolsVersion = 11.5;
					};
					3BFDE671258AFC5900D01BFC = {
						CreatedOnToolsVersion = 11.5;
						LastSwiftMigration = 1150;
					};
					3BFDE679258AFC5900D01BFC = {
						CreatedOnToolsVersion = 11.5;
						LastSwiftMigration = 1150;
					};
				};
			};
			buildConfigurationList = 3BE0F25B24F8ACF20083D866 /* Build configuration list for PBXProject "EssentialFeed" */;
			compatibilityVersion = "Xcode 9.3";
			developmentRegion = en;
			hasScannedForEncodings = 0;
			knownRegions = (
				en,
				Base,
				hi,
				"pt-BR",
			);
			mainGroup = 3BE0F25724F8ACF20083D866;
			productRefGroup = 3BE0F26224F8ACF20083D866 /* Products */;
			projectDirPath = "";
			projectRoot = "";
			targets = (
				3BE0F26024F8ACF20083D866 /* EssentialFeed */,
				3BE0F26924F8ACF20083D866 /* EssentialFeedTests */,
				3B43D08D25257D67006FB77C /* EssentialFeedAPIEndToEndTests */,
				3BFDE5E12577258600D01BFC /* EssentialFeedCacheIntegrationTests */,
				3BFDE671258AFC5900D01BFC /* EssentialFeediOS */,
				3BFDE679258AFC5900D01BFC /* EssentialFeediOSTests */,
			);
		};
/* End PBXProject section */

/* Begin PBXResourcesBuildPhase section */
		3B43D08C25257D67006FB77C /* Resources */ = {
			isa = PBXResourcesBuildPhase;
			buildActionMask = 2147483647;
			files = (
			);
			runOnlyForDeploymentPostprocessing = 0;
		};
		3BE0F25F24F8ACF20083D866 /* Resources */ = {
			isa = PBXResourcesBuildPhase;
			buildActionMask = 2147483647;
			files = (
				3B644B962551014D00237DC2 /* FeedStoreImplementation.rtf in Resources */,
				3B448AF32546E2A60024DA93 /* README.md in Resources */,
			);
			runOnlyForDeploymentPostprocessing = 0;
		};
		3BE0F26824F8ACF20083D866 /* Resources */ = {
			isa = PBXResourcesBuildPhase;
			buildActionMask = 2147483647;
			files = (
			);
			runOnlyForDeploymentPostprocessing = 0;
		};
		3BFDE5E02577258600D01BFC /* Resources */ = {
			isa = PBXResourcesBuildPhase;
			buildActionMask = 2147483647;
			files = (
			);
			runOnlyForDeploymentPostprocessing = 0;
		};
		3BFDE670258AFC5900D01BFC /* Resources */ = {
			isa = PBXResourcesBuildPhase;
			buildActionMask = 2147483647;
			files = (
				3BA3878A25A2B44800A54C34 /* Feed.storyboard in Resources */,
				3BFB334925A2B53C00FB2FE5 /* Feed.xcassets in Resources */,
				3B3A2EC725A6B3D0006EC875 /* Feed.strings in Resources */,
			);
			runOnlyForDeploymentPostprocessing = 0;
		};
		3BFDE678258AFC5900D01BFC /* Resources */ = {
			isa = PBXResourcesBuildPhase;
			buildActionMask = 2147483647;
			files = (
			);
			runOnlyForDeploymentPostprocessing = 0;
		};
/* End PBXResourcesBuildPhase section */

/* Begin PBXSourcesBuildPhase section */
		3B43D08A25257D67006FB77C /* Sources */ = {
			isa = PBXSourcesBuildPhase;
			buildActionMask = 2147483647;
			files = (
				3B43D09125257D67006FB77C /* EssentialFeedAPIEndToEndTests.swift in Sources */,
				3B43D0992526CCE1006FB77C /* XCTestCase+MemoryLeakTrackingHelper.swift in Sources */,
			);
			runOnlyForDeploymentPostprocessing = 0;
		};
		3BE0F25D24F8ACF20083D866 /* Sources */ = {
			isa = PBXSourcesBuildPhase;
			buildActionMask = 2147483647;
			files = (
				3BFDE5FB25777B5900D01BFC /* CoreDataHelpers.swift in Sources */,
				3B43D07F25185617006FB77C /* FeedItemsMapper.swift in Sources */,
				3BE0F27E24F8AD730083D866 /* FeedLoader.swift in Sources */,
				3B448AFF2549961A0024DA93 /* RemoteFeedItem.swift in Sources */,
				3B644B942550F61700237DC2 /* FeedCachePolicy.swift in Sources */,
				3BD605742500921A00D8D5E1 /* RemoteFeedLoader.swift in Sources */,
				3BFDE5F725772BE600D01BFC /* FeedStore.xcdatamodeld in Sources */,
				3B448B012549965A0024DA93 /* LocalFeedImage.swift in Sources */,
				3B448AFD254847380024DA93 /* FeedStore.swift in Sources */,
				3B448AFB254846810024DA93 /* LocalFeedLoader.swift in Sources */,
				3B644B9A2554E51F00237DC2 /* CodableFeedStore.swift in Sources */,
				3B43D07D251855BE006FB77C /* HTTPClient.swift in Sources */,
				3BE0F27C24F8AD140083D866 /* FeedImage.swift in Sources */,
				3B43D089252426B3006FB77C /* URLSessionHTTPClient.swift in Sources */,
				3BFDE5FD25777C1900D01BFC /* ManagedCache.swift in Sources */,
				3BFDE5EF257729CC00D01BFC /* CoreDataFeedStore.swift in Sources */,
				3BFDE5FF25777C4700D01BFC /* ManagedFeedImage.swift in Sources */,
			);
			runOnlyForDeploymentPostprocessing = 0;
		};
		3BE0F26624F8ACF20083D866 /* Sources */ = {
			isa = PBXSourcesBuildPhase;
			buildActionMask = 2147483647;
			files = (
				3B644B9E2555361700237DC2 /* XCTestCase+FeedStoreSpecs.swift in Sources */,
				3B644B9825513D7900237DC2 /* CodableFeedStoreTests.swift in Sources */,
				3BE0F28024F9E6550083D866 /* RemoteFeedLoaderTests.swift in Sources */,
				3BFDE5F125772A2500D01BFC /* CoreDataFeedStoreTests.swift in Sources */,
				3B644BA0255A389900237DC2 /* XCTestCase+FailableRetrieveFeedStoreSpecs.swift in Sources */,
				3B43D084251D926F006FB77C /* URLSessionHTTPClientTests.swift in Sources */,
				3B644B92254BF68800237DC2 /* SharedTestHelpers.swift in Sources */,
				3BE0F27024F8ACF20083D866 /* EssentialFeedTests.swift in Sources */,
				3B448AF82546EFDF0024DA93 /* CacheFeedUseCaseTests.swift in Sources */,
				3B644B90254BF5BC00237DC2 /* FeedCacheTestHelpers.swift in Sources */,
				3B644B8E254BF03500237DC2 /* ValidateFeedCacheUseCaseTests.swift in Sources */,
				3B448B08254A66F70024DA93 /* FeedStoreSpy.swift in Sources */,
				3B448B05254A64EE0024DA93 /* LoadFeedFromCacheUseCaseTests.swift in Sources */,
				3B644BA4255A398E00237DC2 /* XCTestCase+FailableDeleteFeedStoreSpecs.swift in Sources */,
				3B644B9C2555353F00237DC2 /* FeedStoreSpecs.swift in Sources */,
				3B43D087252353A4006FB77C /* XCTestCase+MemoryLeakTrackingHelper.swift in Sources */,
				3B644BA2255A392000237DC2 /* XCTestCase+FailableInsertFeedStoreSpecs.swift in Sources */,
			);
			runOnlyForDeploymentPostprocessing = 0;
		};
		3BFDE5DE2577258600D01BFC /* Sources */ = {
			isa = PBXSourcesBuildPhase;
			buildActionMask = 2147483647;
			files = (
				3BFDE5E52577258600D01BFC /* EssentialFeedCacheIntegrationTests.swift in Sources */,
				3BFDE5ED257728BA00D01BFC /* XCTestCase+MemoryLeakTrackingHelper.swift in Sources */,
			);
			runOnlyForDeploymentPostprocessing = 0;
		};
		3BFDE66E258AFC5900D01BFC /* Sources */ = {
			isa = PBXSourcesBuildPhase;
			buildActionMask = 2147483647;
			files = (
				3BA38786259B414500A54C34 /* FeedPresenter.swift in Sources */,
				3BA3876A259583A100A54C34 /* FeedImageDataLoader.swift in Sources */,
				3BA387642594317900A54C34 /* UIView+Shimmering.swift in Sources */,
				3B5B48EB25A5CEA700611F05 /* UITableView+Dequeueing.swift in Sources */,
				3BA38788259D72CD00A54C34 /* FeedImagePresenter.swift in Sources */,
				3B9521D32590BDA600F8D308 /* FeedViewController.swift in Sources */,
				3BA387622592DBEC00A54C34 /* FeedImageCell.swift in Sources */,
				3BA387792599F23400A54C34 /* FeedImageViewModel.swift in Sources */,
				3BA3877125960CD400A54C34 /* FeedImageCellController.swift in Sources */,
				3BA387742596103200A54C34 /* FeedUIComposer.swift in Sources */,
				3B5B48ED25A5CF5900611F05 /* UIImageView+Animations.swift in Sources */,
			);
			runOnlyForDeploymentPostprocessing = 0;
		};
		3BFDE676258AFC5900D01BFC /* Sources */ = {
			isa = PBXSourcesBuildPhase;
			buildActionMask = 2147483647;
			files = (
				3BFDE68A258B478F00D01BFC /* FeedUIIntegrationTests.swift in Sources */,
				3B9521D12590478600F8D308 /* XCTestCase+MemoryLeakTrackingHelper.swift in Sources */,
				3B3A2ECE25A6B565006EC875 /* FeedLocalizationTests.swift in Sources */,
				3B3A2EC625A6B261006EC875 /* FeedViewControllerTests+Localization.swift in Sources */,
			);
			runOnlyForDeploymentPostprocessing = 0;
		};
/* End PBXSourcesBuildPhase section */

/* Begin PBXTargetDependency section */
		3B43D09525257D67006FB77C /* PBXTargetDependency */ = {
			isa = PBXTargetDependency;
			target = 3BE0F26024F8ACF20083D866 /* EssentialFeed */;
			targetProxy = 3B43D09425257D67006FB77C /* PBXContainerItemProxy */;
		};
		3B9521CF258DA59500F8D308 /* PBXTargetDependency */ = {
			isa = PBXTargetDependency;
			platformFilter = ios;
			target = 3BE0F26024F8ACF20083D866 /* EssentialFeed */;
			targetProxy = 3B9521CE258DA59500F8D308 /* PBXContainerItemProxy */;
		};
		3BE0F26D24F8ACF20083D866 /* PBXTargetDependency */ = {
			isa = PBXTargetDependency;
			target = 3BE0F26024F8ACF20083D866 /* EssentialFeed */;
			targetProxy = 3BE0F26C24F8ACF20083D866 /* PBXContainerItemProxy */;
		};
		3BFDE5E92577258600D01BFC /* PBXTargetDependency */ = {
			isa = PBXTargetDependency;
			target = 3BE0F26024F8ACF20083D866 /* EssentialFeed */;
			targetProxy = 3BFDE5E82577258600D01BFC /* PBXContainerItemProxy */;
		};
		3BFDE67D258AFC5900D01BFC /* PBXTargetDependency */ = {
			isa = PBXTargetDependency;
			target = 3BFDE671258AFC5900D01BFC /* EssentialFeediOS */;
			targetProxy = 3BFDE67C258AFC5900D01BFC /* PBXContainerItemProxy */;
		};
/* End PBXTargetDependency section */

/* Begin PBXVariantGroup section */
		3B3A2EC925A6B3D0006EC875 /* Feed.strings */ = {
			isa = PBXVariantGroup;
			children = (
				3B3A2EC825A6B3D0006EC875 /* en */,
				3B3A2ECA25A6B42D006EC875 /* hi */,
				3B3A2ECB25A6B4F9006EC875 /* pt-BR */,
			);
			name = Feed.strings;
			sourceTree = "<group>";
		};
/* End PBXVariantGroup section */

/* Begin XCBuildConfiguration section */
		3B43D09725257D67006FB77C /* Debug */ = {
			isa = XCBuildConfiguration;
			buildSettings = {
				CODE_SIGN_STYLE = Automatic;
				COMBINE_HIDPI_IMAGES = YES;
				DEVELOPMENT_TEAM = 944N4P8ZGY;
				INFOPLIST_FILE = EssentialFeedAPIEndToEndTests/Info.plist;
				LD_RUNPATH_SEARCH_PATHS = (
					"$(inherited)",
					"@executable_path/../Frameworks",
					"@loader_path/../Frameworks",
				);
				PRODUCT_BUNDLE_IDENTIFIER = com.thebytestory.EssentialFeedAPIEndToEndTests;
				PRODUCT_NAME = "$(TARGET_NAME)";
				SUPPORTED_PLATFORMS = "macosx iphoneos iphonesimulator";
				SWIFT_VERSION = 5.0;
			};
			name = Debug;
		};
		3B43D09825257D67006FB77C /* Release */ = {
			isa = XCBuildConfiguration;
			buildSettings = {
				CODE_SIGN_STYLE = Automatic;
				COMBINE_HIDPI_IMAGES = YES;
				DEVELOPMENT_TEAM = 944N4P8ZGY;
				INFOPLIST_FILE = EssentialFeedAPIEndToEndTests/Info.plist;
				LD_RUNPATH_SEARCH_PATHS = (
					"$(inherited)",
					"@executable_path/../Frameworks",
					"@loader_path/../Frameworks",
				);
				PRODUCT_BUNDLE_IDENTIFIER = com.thebytestory.EssentialFeedAPIEndToEndTests;
				PRODUCT_NAME = "$(TARGET_NAME)";
				SUPPORTED_PLATFORMS = "macosx iphoneos iphonesimulator";
				SWIFT_VERSION = 5.0;
			};
			name = Release;
		};
		3BE0F27324F8ACF20083D866 /* Debug */ = {
			isa = XCBuildConfiguration;
			buildSettings = {
				ALWAYS_SEARCH_USER_PATHS = NO;
				CLANG_ANALYZER_LOCALIZABILITY_NONLOCALIZED = YES;
				CLANG_ANALYZER_NONNULL = YES;
				CLANG_ANALYZER_NUMBER_OBJECT_CONVERSION = YES_AGGRESSIVE;
				CLANG_CXX_LANGUAGE_STANDARD = "gnu++14";
				CLANG_CXX_LIBRARY = "libc++";
				CLANG_ENABLE_MODULES = YES;
				CLANG_ENABLE_OBJC_ARC = YES;
				CLANG_ENABLE_OBJC_WEAK = YES;
				CLANG_WARN_BLOCK_CAPTURE_AUTORELEASING = YES;
				CLANG_WARN_BOOL_CONVERSION = YES;
				CLANG_WARN_COMMA = YES;
				CLANG_WARN_CONSTANT_CONVERSION = YES;
				CLANG_WARN_DEPRECATED_OBJC_IMPLEMENTATIONS = YES;
				CLANG_WARN_DIRECT_OBJC_ISA_USAGE = YES_ERROR;
				CLANG_WARN_DOCUMENTATION_COMMENTS = YES;
				CLANG_WARN_EMPTY_BODY = YES;
				CLANG_WARN_ENUM_CONVERSION = YES;
				CLANG_WARN_INFINITE_RECURSION = YES;
				CLANG_WARN_INT_CONVERSION = YES;
				CLANG_WARN_NON_LITERAL_NULL_CONVERSION = YES;
				CLANG_WARN_OBJC_IMPLICIT_RETAIN_SELF = YES;
				CLANG_WARN_OBJC_LITERAL_CONVERSION = YES;
				CLANG_WARN_OBJC_ROOT_CLASS = YES_ERROR;
				CLANG_WARN_RANGE_LOOP_ANALYSIS = YES;
				CLANG_WARN_STRICT_PROTOTYPES = YES;
				CLANG_WARN_SUSPICIOUS_MOVE = YES;
				CLANG_WARN_UNGUARDED_AVAILABILITY = YES_AGGRESSIVE;
				CLANG_WARN_UNREACHABLE_CODE = YES;
				CLANG_WARN__DUPLICATE_METHOD_MATCH = YES;
				COPY_PHASE_STRIP = NO;
				CURRENT_PROJECT_VERSION = 1;
				DEBUG_INFORMATION_FORMAT = dwarf;
				ENABLE_STRICT_OBJC_MSGSEND = YES;
				ENABLE_TESTABILITY = YES;
				GCC_C_LANGUAGE_STANDARD = gnu11;
				GCC_DYNAMIC_NO_PIC = NO;
				GCC_NO_COMMON_BLOCKS = YES;
				GCC_OPTIMIZATION_LEVEL = 0;
				GCC_PREPROCESSOR_DEFINITIONS = (
					"DEBUG=1",
					"$(inherited)",
				);
				GCC_WARN_64_TO_32_BIT_CONVERSION = YES;
				GCC_WARN_ABOUT_RETURN_TYPE = YES_ERROR;
				GCC_WARN_UNDECLARED_SELECTOR = YES;
				GCC_WARN_UNINITIALIZED_AUTOS = YES_AGGRESSIVE;
				GCC_WARN_UNUSED_FUNCTION = YES;
				GCC_WARN_UNUSED_VARIABLE = YES;
				MACOSX_DEPLOYMENT_TARGET = 10.15;
				MTL_ENABLE_DEBUG_INFO = INCLUDE_SOURCE;
				MTL_FAST_MATH = YES;
				ONLY_ACTIVE_ARCH = YES;
				SDKROOT = macosx;
				SWIFT_ACTIVE_COMPILATION_CONDITIONS = DEBUG;
				SWIFT_OPTIMIZATION_LEVEL = "-Onone";
				VERSIONING_SYSTEM = "apple-generic";
				VERSION_INFO_PREFIX = "";
			};
			name = Debug;
		};
		3BE0F27424F8ACF20083D866 /* Release */ = {
			isa = XCBuildConfiguration;
			buildSettings = {
				ALWAYS_SEARCH_USER_PATHS = NO;
				CLANG_ANALYZER_LOCALIZABILITY_NONLOCALIZED = YES;
				CLANG_ANALYZER_NONNULL = YES;
				CLANG_ANALYZER_NUMBER_OBJECT_CONVERSION = YES_AGGRESSIVE;
				CLANG_CXX_LANGUAGE_STANDARD = "gnu++14";
				CLANG_CXX_LIBRARY = "libc++";
				CLANG_ENABLE_MODULES = YES;
				CLANG_ENABLE_OBJC_ARC = YES;
				CLANG_ENABLE_OBJC_WEAK = YES;
				CLANG_WARN_BLOCK_CAPTURE_AUTORELEASING = YES;
				CLANG_WARN_BOOL_CONVERSION = YES;
				CLANG_WARN_COMMA = YES;
				CLANG_WARN_CONSTANT_CONVERSION = YES;
				CLANG_WARN_DEPRECATED_OBJC_IMPLEMENTATIONS = YES;
				CLANG_WARN_DIRECT_OBJC_ISA_USAGE = YES_ERROR;
				CLANG_WARN_DOCUMENTATION_COMMENTS = YES;
				CLANG_WARN_EMPTY_BODY = YES;
				CLANG_WARN_ENUM_CONVERSION = YES;
				CLANG_WARN_INFINITE_RECURSION = YES;
				CLANG_WARN_INT_CONVERSION = YES;
				CLANG_WARN_NON_LITERAL_NULL_CONVERSION = YES;
				CLANG_WARN_OBJC_IMPLICIT_RETAIN_SELF = YES;
				CLANG_WARN_OBJC_LITERAL_CONVERSION = YES;
				CLANG_WARN_OBJC_ROOT_CLASS = YES_ERROR;
				CLANG_WARN_RANGE_LOOP_ANALYSIS = YES;
				CLANG_WARN_STRICT_PROTOTYPES = YES;
				CLANG_WARN_SUSPICIOUS_MOVE = YES;
				CLANG_WARN_UNGUARDED_AVAILABILITY = YES_AGGRESSIVE;
				CLANG_WARN_UNREACHABLE_CODE = YES;
				CLANG_WARN__DUPLICATE_METHOD_MATCH = YES;
				COPY_PHASE_STRIP = NO;
				CURRENT_PROJECT_VERSION = 1;
				DEBUG_INFORMATION_FORMAT = "dwarf-with-dsym";
				ENABLE_NS_ASSERTIONS = NO;
				ENABLE_STRICT_OBJC_MSGSEND = YES;
				GCC_C_LANGUAGE_STANDARD = gnu11;
				GCC_NO_COMMON_BLOCKS = YES;
				GCC_WARN_64_TO_32_BIT_CONVERSION = YES;
				GCC_WARN_ABOUT_RETURN_TYPE = YES_ERROR;
				GCC_WARN_UNDECLARED_SELECTOR = YES;
				GCC_WARN_UNINITIALIZED_AUTOS = YES_AGGRESSIVE;
				GCC_WARN_UNUSED_FUNCTION = YES;
				GCC_WARN_UNUSED_VARIABLE = YES;
				MACOSX_DEPLOYMENT_TARGET = 10.15;
				MTL_ENABLE_DEBUG_INFO = NO;
				MTL_FAST_MATH = YES;
				SDKROOT = macosx;
				SWIFT_COMPILATION_MODE = wholemodule;
				SWIFT_OPTIMIZATION_LEVEL = "-O";
				VERSIONING_SYSTEM = "apple-generic";
				VERSION_INFO_PREFIX = "";
			};
			name = Release;
		};
		3BE0F27624F8ACF20083D866 /* Debug */ = {
			isa = XCBuildConfiguration;
			buildSettings = {
				CLANG_ENABLE_MODULES = YES;
				CODE_SIGN_STYLE = Automatic;
				COMBINE_HIDPI_IMAGES = YES;
				DEFINES_MODULE = YES;
				DEVELOPMENT_TEAM = 944N4P8ZGY;
				DYLIB_COMPATIBILITY_VERSION = 1;
				DYLIB_CURRENT_VERSION = 1;
				DYLIB_INSTALL_NAME_BASE = "@rpath";
				INFOPLIST_FILE = EssentialFeed/Info.plist;
				INSTALL_PATH = "$(LOCAL_LIBRARY_DIR)/Frameworks";
				LD_RUNPATH_SEARCH_PATHS = (
					"$(inherited)",
					"@executable_path/../Frameworks",
					"@loader_path/Frameworks",
				);
				PRODUCT_BUNDLE_IDENTIFIER = com.thebytestory.EssentialFeed;
				PRODUCT_NAME = "$(TARGET_NAME:c99extidentifier)";
				SKIP_INSTALL = YES;
				SUPPORTED_PLATFORMS = "macosx iphonesimulator iphoneos";
				SWIFT_OPTIMIZATION_LEVEL = "-Onone";
				SWIFT_VERSION = 5.0;
			};
			name = Debug;
		};
		3BE0F27724F8ACF20083D866 /* Release */ = {
			isa = XCBuildConfiguration;
			buildSettings = {
				CLANG_ENABLE_MODULES = YES;
				CODE_SIGN_STYLE = Automatic;
				COMBINE_HIDPI_IMAGES = YES;
				DEFINES_MODULE = YES;
				DEVELOPMENT_TEAM = 944N4P8ZGY;
				DYLIB_COMPATIBILITY_VERSION = 1;
				DYLIB_CURRENT_VERSION = 1;
				DYLIB_INSTALL_NAME_BASE = "@rpath";
				INFOPLIST_FILE = EssentialFeed/Info.plist;
				INSTALL_PATH = "$(LOCAL_LIBRARY_DIR)/Frameworks";
				LD_RUNPATH_SEARCH_PATHS = (
					"$(inherited)",
					"@executable_path/../Frameworks",
					"@loader_path/Frameworks",
				);
				PRODUCT_BUNDLE_IDENTIFIER = com.thebytestory.EssentialFeed;
				PRODUCT_NAME = "$(TARGET_NAME:c99extidentifier)";
				SKIP_INSTALL = YES;
				SUPPORTED_PLATFORMS = "macosx iphonesimulator iphoneos";
				SWIFT_VERSION = 5.0;
			};
			name = Release;
		};
		3BE0F27924F8ACF20083D866 /* Debug */ = {
			isa = XCBuildConfiguration;
			buildSettings = {
				ALWAYS_EMBED_SWIFT_STANDARD_LIBRARIES = YES;
				CODE_SIGN_STYLE = Automatic;
				COMBINE_HIDPI_IMAGES = YES;
				DEVELOPMENT_TEAM = 944N4P8ZGY;
				INFOPLIST_FILE = EssentialFeedTests/Info.plist;
				LD_RUNPATH_SEARCH_PATHS = (
					"$(inherited)",
					"@executable_path/../Frameworks",
					"@loader_path/../Frameworks",
				);
				PRODUCT_BUNDLE_IDENTIFIER = com.thebytestory.EssentialFeedTests;
				PRODUCT_NAME = "$(TARGET_NAME)";
				SUPPORTED_PLATFORMS = "macosx iphonesimulator iphoneos";
				SWIFT_VERSION = 5.0;
			};
			name = Debug;
		};
		3BE0F27A24F8ACF20083D866 /* Release */ = {
			isa = XCBuildConfiguration;
			buildSettings = {
				ALWAYS_EMBED_SWIFT_STANDARD_LIBRARIES = YES;
				CODE_SIGN_STYLE = Automatic;
				COMBINE_HIDPI_IMAGES = YES;
				DEVELOPMENT_TEAM = 944N4P8ZGY;
				INFOPLIST_FILE = EssentialFeedTests/Info.plist;
				LD_RUNPATH_SEARCH_PATHS = (
					"$(inherited)",
					"@executable_path/../Frameworks",
					"@loader_path/../Frameworks",
				);
				PRODUCT_BUNDLE_IDENTIFIER = com.thebytestory.EssentialFeedTests;
				PRODUCT_NAME = "$(TARGET_NAME)";
				SUPPORTED_PLATFORMS = "macosx iphonesimulator iphoneos";
				SWIFT_VERSION = 5.0;
			};
			name = Release;
		};
		3BFDE5EB2577258600D01BFC /* Debug */ = {
			isa = XCBuildConfiguration;
			buildSettings = {
				CODE_SIGN_STYLE = Automatic;
				COMBINE_HIDPI_IMAGES = YES;
				DEVELOPMENT_TEAM = 944N4P8ZGY;
				INFOPLIST_FILE = EssentialFeedCacheIntegrationTests/Info.plist;
				LD_RUNPATH_SEARCH_PATHS = (
					"$(inherited)",
					"@executable_path/../Frameworks",
					"@loader_path/../Frameworks",
				);
				PRODUCT_BUNDLE_IDENTIFIER = com.thebytestory.EssentialFeedCacheIntegrationTests;
				PRODUCT_NAME = "$(TARGET_NAME)";
				SUPPORTED_PLATFORMS = "macosx iphoneos iphonesimulator";
				SWIFT_VERSION = 5.0;
			};
			name = Debug;
		};
		3BFDE5EC2577258600D01BFC /* Release */ = {
			isa = XCBuildConfiguration;
			buildSettings = {
				CODE_SIGN_STYLE = Automatic;
				COMBINE_HIDPI_IMAGES = YES;
				DEVELOPMENT_TEAM = 944N4P8ZGY;
				INFOPLIST_FILE = EssentialFeedCacheIntegrationTests/Info.plist;
				LD_RUNPATH_SEARCH_PATHS = (
					"$(inherited)",
					"@executable_path/../Frameworks",
					"@loader_path/../Frameworks",
				);
				PRODUCT_BUNDLE_IDENTIFIER = com.thebytestory.EssentialFeedCacheIntegrationTests;
				PRODUCT_NAME = "$(TARGET_NAME)";
				SUPPORTED_PLATFORMS = "macosx iphoneos iphonesimulator";
				SWIFT_VERSION = 5.0;
			};
			name = Release;
		};
		3BFDE684258AFC5900D01BFC /* Debug */ = {
			isa = XCBuildConfiguration;
			buildSettings = {
				CLANG_ENABLE_MODULES = YES;
				CODE_SIGN_STYLE = Automatic;
				DEFINES_MODULE = YES;
				DEVELOPMENT_TEAM = 944N4P8ZGY;
				DYLIB_COMPATIBILITY_VERSION = 1;
				DYLIB_CURRENT_VERSION = 1;
				DYLIB_INSTALL_NAME_BASE = "@rpath";
				INFOPLIST_FILE = EssentialFeediOS/Info.plist;
				INSTALL_PATH = "$(LOCAL_LIBRARY_DIR)/Frameworks";
				IPHONEOS_DEPLOYMENT_TARGET = 13.5;
				LD_RUNPATH_SEARCH_PATHS = (
					"$(inherited)",
					"@executable_path/Frameworks",
					"@loader_path/Frameworks",
				);
				PRODUCT_BUNDLE_IDENTIFIER = com.thebytestory.EssentialFeediOS;
				PRODUCT_NAME = "$(TARGET_NAME:c99extidentifier)";
				SDKROOT = iphoneos;
				SKIP_INSTALL = YES;
				SWIFT_OPTIMIZATION_LEVEL = "-Onone";
				SWIFT_VERSION = 5.0;
				TARGETED_DEVICE_FAMILY = "1,2";
			};
			name = Debug;
		};
		3BFDE685258AFC5900D01BFC /* Release */ = {
			isa = XCBuildConfiguration;
			buildSettings = {
				CLANG_ENABLE_MODULES = YES;
				CODE_SIGN_STYLE = Automatic;
				DEFINES_MODULE = YES;
				DEVELOPMENT_TEAM = 944N4P8ZGY;
				DYLIB_COMPATIBILITY_VERSION = 1;
				DYLIB_CURRENT_VERSION = 1;
				DYLIB_INSTALL_NAME_BASE = "@rpath";
				INFOPLIST_FILE = EssentialFeediOS/Info.plist;
				INSTALL_PATH = "$(LOCAL_LIBRARY_DIR)/Frameworks";
				IPHONEOS_DEPLOYMENT_TARGET = 13.5;
				LD_RUNPATH_SEARCH_PATHS = (
					"$(inherited)",
					"@executable_path/Frameworks",
					"@loader_path/Frameworks",
				);
				PRODUCT_BUNDLE_IDENTIFIER = com.thebytestory.EssentialFeediOS;
				PRODUCT_NAME = "$(TARGET_NAME:c99extidentifier)";
				SDKROOT = iphoneos;
				SKIP_INSTALL = YES;
				SWIFT_VERSION = 5.0;
				TARGETED_DEVICE_FAMILY = "1,2";
				VALIDATE_PRODUCT = YES;
			};
			name = Release;
		};
		3BFDE687258AFC5900D01BFC /* Debug */ = {
			isa = XCBuildConfiguration;
			buildSettings = {
				ALWAYS_EMBED_SWIFT_STANDARD_LIBRARIES = YES;
				CLANG_ENABLE_MODULES = YES;
				CODE_SIGN_STYLE = Automatic;
				DEVELOPMENT_TEAM = 944N4P8ZGY;
				INFOPLIST_FILE = EssentialFeediOSTests/Info.plist;
				IPHONEOS_DEPLOYMENT_TARGET = 13.5;
				LD_RUNPATH_SEARCH_PATHS = (
					"$(inherited)",
					"@executable_path/Frameworks",
					"@loader_path/Frameworks",
				);
				PRODUCT_BUNDLE_IDENTIFIER = com.thebytestory.EssentialFeediOSTests;
				PRODUCT_NAME = "$(TARGET_NAME)";
				SDKROOT = iphoneos;
				SWIFT_OPTIMIZATION_LEVEL = "-Onone";
				SWIFT_VERSION = 5.0;
				TARGETED_DEVICE_FAMILY = "1,2";
			};
			name = Debug;
		};
		3BFDE688258AFC5900D01BFC /* Release */ = {
			isa = XCBuildConfiguration;
			buildSettings = {
				ALWAYS_EMBED_SWIFT_STANDARD_LIBRARIES = YES;
				CLANG_ENABLE_MODULES = YES;
				CODE_SIGN_STYLE = Automatic;
				DEVELOPMENT_TEAM = 944N4P8ZGY;
				INFOPLIST_FILE = EssentialFeediOSTests/Info.plist;
				IPHONEOS_DEPLOYMENT_TARGET = 13.5;
				LD_RUNPATH_SEARCH_PATHS = (
					"$(inherited)",
					"@executable_path/Frameworks",
					"@loader_path/Frameworks",
				);
				PRODUCT_BUNDLE_IDENTIFIER = com.thebytestory.EssentialFeediOSTests;
				PRODUCT_NAME = "$(TARGET_NAME)";
				SDKROOT = iphoneos;
				SWIFT_VERSION = 5.0;
				TARGETED_DEVICE_FAMILY = "1,2";
				VALIDATE_PRODUCT = YES;
			};
			name = Release;
		};
/* End XCBuildConfiguration section */

/* Begin XCConfigurationList section */
		3B43D09625257D67006FB77C /* Build configuration list for PBXNativeTarget "EssentialFeedAPIEndToEndTests" */ = {
			isa = XCConfigurationList;
			buildConfigurations = (
				3B43D09725257D67006FB77C /* Debug */,
				3B43D09825257D67006FB77C /* Release */,
			);
			defaultConfigurationIsVisible = 0;
			defaultConfigurationName = Release;
		};
		3BE0F25B24F8ACF20083D866 /* Build configuration list for PBXProject "EssentialFeed" */ = {
			isa = XCConfigurationList;
			buildConfigurations = (
				3BE0F27324F8ACF20083D866 /* Debug */,
				3BE0F27424F8ACF20083D866 /* Release */,
			);
			defaultConfigurationIsVisible = 0;
			defaultConfigurationName = Release;
		};
		3BE0F27524F8ACF20083D866 /* Build configuration list for PBXNativeTarget "EssentialFeed" */ = {
			isa = XCConfigurationList;
			buildConfigurations = (
				3BE0F27624F8ACF20083D866 /* Debug */,
				3BE0F27724F8ACF20083D866 /* Release */,
			);
			defaultConfigurationIsVisible = 0;
			defaultConfigurationName = Release;
		};
		3BE0F27824F8ACF20083D866 /* Build configuration list for PBXNativeTarget "EssentialFeedTests" */ = {
			isa = XCConfigurationList;
			buildConfigurations = (
				3BE0F27924F8ACF20083D866 /* Debug */,
				3BE0F27A24F8ACF20083D866 /* Release */,
			);
			defaultConfigurationIsVisible = 0;
			defaultConfigurationName = Release;
		};
		3BFDE5EA2577258600D01BFC /* Build configuration list for PBXNativeTarget "EssentialFeedCacheIntegrationTests" */ = {
			isa = XCConfigurationList;
			buildConfigurations = (
				3BFDE5EB2577258600D01BFC /* Debug */,
				3BFDE5EC2577258600D01BFC /* Release */,
			);
			defaultConfigurationIsVisible = 0;
			defaultConfigurationName = Release;
		};
		3BFDE683258AFC5900D01BFC /* Build configuration list for PBXNativeTarget "EssentialFeediOS" */ = {
			isa = XCConfigurationList;
			buildConfigurations = (
				3BFDE684258AFC5900D01BFC /* Debug */,
				3BFDE685258AFC5900D01BFC /* Release */,
			);
			defaultConfigurationIsVisible = 0;
			defaultConfigurationName = Release;
		};
		3BFDE686258AFC5900D01BFC /* Build configuration list for PBXNativeTarget "EssentialFeediOSTests" */ = {
			isa = XCConfigurationList;
			buildConfigurations = (
				3BFDE687258AFC5900D01BFC /* Debug */,
				3BFDE688258AFC5900D01BFC /* Release */,
			);
			defaultConfigurationIsVisible = 0;
			defaultConfigurationName = Release;
		};
/* End XCConfigurationList section */

/* Begin XCVersionGroup section */
		3BFDE5F525772BE600D01BFC /* FeedStore.xcdatamodeld */ = {
			isa = XCVersionGroup;
			children = (
				3BFDE5F625772BE600D01BFC /* FeedStore.xcdatamodel */,
			);
			currentVersion = 3BFDE5F625772BE600D01BFC /* FeedStore.xcdatamodel */;
			path = FeedStore.xcdatamodeld;
			sourceTree = "<group>";
			versionGroupType = wrapper.xcdatamodel;
		};
/* End XCVersionGroup section */
	};
	rootObject = 3BE0F25824F8ACF20083D866 /* Project object */;
}
